
Microsoft Visual Studio Solution File, Format Version 12.00
# Visual Studio Version 16
VisualStudioVersion = 16.0.29324.140
MinimumVisualStudioVersion = 10.0.40219.1
Project("{FAE04EC0-301F-11D3-BF4B-00C04F79EFBC}") = "prjStock", "prjStock\prjStock.csproj", "{C556CAC6-11D7-485B-AA0C-3F7EE26D413E}"
EndProject
Global
	GlobalSection(SolutionConfigurationPlatforms) = preSolution
		Debug|Any CPU = Debug|Any CPU
		Release|Any CPU = Release|Any CPU
	EndGlobalSection
	GlobalSection(ProjectConfigurationPlatforms) = postSolution
		{C556CAC6-11D7-485B-AA0C-3F7EE26D413E}.Debug|Any CPU.ActiveCfg = Debug|Any CPU
		{C556CAC6-11D7-485B-AA0C-3F7EE26D413E}.Debug|Any CPU.Build.0 = Debug|Any CPU
		{C556CAC6-11D7-485B-AA0C-3F7EE26D413E}.Release|Any CPU.ActiveCfg = Release|Any CPU
		{C556CAC6-11D7-485B-AA0C-3F7EE26D413E}.Release|Any CPU.Build.0 = Release|Any CPU
	EndGlobalSection
	GlobalSection(SolutionProperties) = preSolution
		HideSolutionNode = FALSE
	EndGlobalSection
	GlobalSection(ExtensibilityGlobals) = postSolution
		SolutionGuid = {B45484E8-1CA7-4E4B-9E68-89104AE27CA6}
	EndGlobalSection
EndGlobal
